{
	"name": "client",
	"version": "2.0.2",
	"lockfileVersion": 1,
	"requires": true,
	"dependencies": {
		"@types/vscode": {
			"version": "1.41.0",
			"resolved": "https://registry.npmjs.org/@types/vscode/-/vscode-1.41.0.tgz",
			"integrity": "sha512-7SfeY5u9jgiELwxyLB3z7l6l/GbN9CqpCQGkcRlB7tKRFBxzbz2PoBfGrLxI1vRfUCIq5+hg5vtDHExwq5j3+A==",
			"dev": true
		},
		"semver": {
			"version": "6.3.0",
			"resolved": "https://registry.npmjs.org/semver/-/semver-6.3.0.tgz",
			"integrity": "sha512-b39TBaTSfV6yBrapU89p5fKekE2m/NwnDocOVruQFS1/veMgdzuPcnOM34M6CwxW8jH/lxEa5rBoDeUwu5HHTw=="
		},
		"vscode-jsonrpc": {
			"version": "5.0.0",
			"resolved": "https://registry.npmjs.org/vscode-jsonrpc/-/vscode-jsonrpc-5.0.0.tgz",
			"integrity": "sha512-QeAniC/xTWauVQgyNgEqNJ0Qm/Jw8QySGRQhRFPwb8c4FPp9k6QNgJp0ayXWws5qhdaHkiXkGPlzjOPZFQQKLw=="
		},
		"vscode-languageclient": {
			"version": "6.0.0",
			"resolved": "https://registry.npmjs.org/vscode-languageclient/-/vscode-languageclient-6.0.0.tgz",
			"integrity": "sha512-6MDksAP79GRbcHFsXS6ndo12s0m/h7eNdS/IanRgWxaezqB4a4KzHIHrE0bE+nSFB+snaSToGs1bxnPeKdO5fQ==",
			"requires": {
				"semver": "^6.3.0",
				"vscode-languageserver-protocol": "^3.15.0"
			}
		},
		"vscode-languageserver-protocol": {
			"version": "3.15.0",
			"resolved": "https://registry.npmjs.org/vscode-languageserver-protocol/-/vscode-languageserver-protocol-3.15.0.tgz",
			"integrity": "sha512-PZEopQzHR3Lo422HeDxCpGN0sYz+kReO+du3F/AcFT1cCPunoVsDJv7ikEolFRKEn+hEIZiAaIX4yoSZ+ip5Nw==",
			"requires": {
				"vscode-jsonrpc": "^5.0.0",
				"vscode-languageserver-types": "3.15.0"
			}
		},
		"vscode-languageserver-types": {
			"version": "3.15.0",
			"resolved": "https://registry.npmjs.org/vscode-languageserver-types/-/vscode-languageserver-types-3.15.0.tgz",
			"integrity": "sha512-AXteNagMhBWnZ6gNN0UB4HTiD/7TajgfHl6jaM6O7qz3zDJw0H3Jf83w05phihnBRCML+K6Ockh8f8bL0OObPw=="
		}
	}
}
