{
	"name": "client",
	"version": "3.0.34",
	"lockfileVersion": 2,
	"requires": true,
	"packages": {
		"": {
			"name": "client",
			"version": "3.0.34",
			"license": "MIT",
			"dependencies": {
				"vscode-languageclient": "10.1.0"
			},
			"devDependencies": {
				"@types/vscode": "1.91.0"
			},
			"engines": {
				"vscode": "^1.91.0"
			}
		},
		"node_modules/@types/vscode": {
			"version": "1.91.0",
			"resolved": "https://registry.npmjs.org/@types/vscode/-/vscode-1.91.0.tgz",
			"integrity": "sha512-PgPr+bUODjG3y+ozWUCyzttqR9EHny9sPAfJagddQjDwdtf66y2sDKJMnFZRuzBA2YtBGASqJGPil8VDUPvO6A==",
			"dev": true,
			"license": "MIT"
		},
		"node_modules/balanced-match": {
			"version": "4.0.4",
			"resolved": "https://registry.npmjs.org/balanced-match/-/balanced-match-4.0.4.tgz",
			"integrity": "sha512-BLrgEcRTwX2o6gGxGOCNyMvGSp35YofuYzw9h1IMTRmKqttAZZVU67bdb9Pr2vUHA8+j3i2tJfjO6C6+4myGTA==",
			"license": "MIT",
			"engines": {
				"node": "18 || 20 || >=22"
			}
		},
		"node_modules/brace-expansion": {
			"version": "5.0.7",
			"resolved": "https://registry.npmjs.org/brace-expansion/-/brace-expansion-5.0.7.tgz",
			"integrity": "sha512-7oFy703dxfY3/NLxC1fh2SUCQ0H9rmAY+5EpDVfXjUTTs+HEwR2nYaqLv+GWcTsumwxPfiz6CzCNkwXwBUwqCA==",
			"dependencies": {
				"balanced-match": "^4.0.2"
			},
			"engines": {
				"node": "18 || 20 || >=22"
			}
		},
		"node_modules/minimatch": {
			"version": "10.2.5",
			"resolved": "https://registry.npmjs.org/minimatch/-/minimatch-10.2.5.tgz",
			"integrity": "sha512-MULkVLfKGYDFYejP07QOurDLLQpcjk7Fw+7jXS2R2czRQzR56yHRveU5NDJEOviH+hETZKSkIk5c+T23GjFUMg==",
			"license": "BlueOak-1.0.0",
			"dependencies": {
				"brace-expansion": "^5.0.5"
			},
			"engines": {
				"node": "18 || 20 || >=22"
			},
			"funding": {
				"url": "https://github.com/sponsors/isaacs"
			}
		},
		"node_modules/semver": {
			"version": "7.8.1",
			"resolved": "https://registry.npmjs.org/semver/-/semver-7.8.1.tgz",
			"integrity": "sha512-rkVq3IXh+4FDGch+KwzX3aV9W3kO54GyEgpvBzSyctDA6Xtd7RJQV1xmXbeQp5v7+VzLOfVqiutSE6GICgPFvg==",
			"license": "ISC",
			"bin": {
				"semver": "bin/semver.js"
			},
			"engines": {
				"node": ">=10"
			}
		},
		"node_modules/vscode-jsonrpc": {
			"version": "9.0.1",
			"resolved": "https://registry.npmjs.org/vscode-jsonrpc/-/vscode-jsonrpc-9.0.1.tgz",
			"integrity": "sha512-rfuA6T75H6m5EkbhtEPzre9pT0HPcDI2MMy4+nPFIBks5J8JBAUHD4tRYSgaBOijIEC7SRkC1kKyXTLqbmh9jw==",
			"license": "MIT",
			"engines": {
				"node": ">=14.0.0"
			}
		},
		"node_modules/vscode-languageclient": {
			"version": "10.1.0",
			"resolved": "https://registry.npmjs.org/vscode-languageclient/-/vscode-languageclient-10.1.0.tgz",
			"integrity": "sha512-XXRx6lqVitQy/oOLr9MfNYRG+MbQkhXkDaxbQMiKxEm8zZNfheRFUKNb8UYNh2stn9btl2wQM5wZFJjJvoc+jA==",
			"license": "MIT",
			"dependencies": {
				"minimatch": "^10.2.5",
				"semver": "^7.8.1",
				"vscode-languageserver-protocol": "3.18.2",
				"vscode-languageserver-textdocument": "1.0.13"
			},
			"engines": {
				"vscode": "^1.91.0"
			}
		},
		"node_modules/vscode-languageserver-protocol": {
			"version": "3.18.2",
			"resolved": "https://registry.npmjs.org/vscode-languageserver-protocol/-/vscode-languageserver-protocol-3.18.2.tgz",
			"integrity": "sha512-XRyDbT0Pp3sSNti3JmxVEUMySWCSi1hhM+/KUlCy1hV1zmrqpM1OwO12EAki8blhmLuIMpaJrYbo0OzGVfK2Qg==",
			"license": "MIT",
			"dependencies": {
				"vscode-jsonrpc": "9.0.1",
				"vscode-languageserver-types": "3.18.0"
			}
		},
		"node_modules/vscode-languageserver-textdocument": {
			"version": "1.0.13",
			"resolved": "https://registry.npmjs.org/vscode-languageserver-textdocument/-/vscode-languageserver-textdocument-1.0.13.tgz",
			"integrity": "sha512-nx0ZHwMGIsVkzFG3/VLeJYBLTaFBRuNdGDvevvjuoayU5EOS2fEYazOhtCM3PI9ClMMg5igc0uwXtAq4tJj+Dw==",
			"license": "MIT"
		},
		"node_modules/vscode-languageserver-types": {
			"version": "3.18.0",
			"resolved": "https://registry.npmjs.org/vscode-languageserver-types/-/vscode-languageserver-types-3.18.0.tgz",
			"integrity": "sha512-8TsGPNMIMiiBdkORgRSvLjuiEIiAFtO+KssmYWxQ+uSVvlf7RjK8YKCOjPzZ+YA04jXEV7+7LvkSmHkhpNS99g==",
			"license": "MIT"
		}
	},
	"dependencies": {
		"@types/vscode": {
			"version": "1.91.0",
			"resolved": "https://registry.npmjs.org/@types/vscode/-/vscode-1.91.0.tgz",
			"integrity": "sha512-PgPr+bUODjG3y+ozWUCyzttqR9EHny9sPAfJagddQjDwdtf66y2sDKJMnFZRuzBA2YtBGASqJGPil8VDUPvO6A==",
			"dev": true
		},
		"balanced-match": {
			"version": "4.0.4",
			"resolved": "https://registry.npmjs.org/balanced-match/-/balanced-match-4.0.4.tgz",
			"integrity": "sha512-BLrgEcRTwX2o6gGxGOCNyMvGSp35YofuYzw9h1IMTRmKqttAZZVU67bdb9Pr2vUHA8+j3i2tJfjO6C6+4myGTA=="
		},
		"brace-expansion": {
			"version": "5.0.7",
			"resolved": "https://registry.npmjs.org/brace-expansion/-/brace-expansion-5.0.7.tgz",
			"integrity": "sha512-7oFy703dxfY3/NLxC1fh2SUCQ0H9rmAY+5EpDVfXjUTTs+HEwR2nYaqLv+GWcTsumwxPfiz6CzCNkwXwBUwqCA==",
			"requires": {
				"balanced-match": "^4.0.2"
			}
		},
		"minimatch": {
			"version": "10.2.5",
			"resolved": "https://registry.npmjs.org/minimatch/-/minimatch-10.2.5.tgz",
			"integrity": "sha512-MULkVLfKGYDFYejP07QOurDLLQpcjk7Fw+7jXS2R2czRQzR56yHRveU5NDJEOviH+hETZKSkIk5c+T23GjFUMg==",
			"requires": {
				"brace-expansion": "^5.0.5"
			}
		},
		"semver": {
			"version": "7.8.1",
			"resolved": "https://registry.npmjs.org/semver/-/semver-7.8.1.tgz",
			"integrity": "sha512-rkVq3IXh+4FDGch+KwzX3aV9W3kO54GyEgpvBzSyctDA6Xtd7RJQV1xmXbeQp5v7+VzLOfVqiutSE6GICgPFvg=="
		},
		"vscode-jsonrpc": {
			"version": "9.0.1",
			"resolved": "https://registry.npmjs.org/vscode-jsonrpc/-/vscode-jsonrpc-9.0.1.tgz",
			"integrity": "sha512-rfuA6T75H6m5EkbhtEPzre9pT0HPcDI2MMy4+nPFIBks5J8JBAUHD4tRYSgaBOijIEC7SRkC1kKyXTLqbmh9jw=="
		},
		"vscode-languageclient": {
			"version": "10.1.0",
			"resolved": "https://registry.npmjs.org/vscode-languageclient/-/vscode-languageclient-10.1.0.tgz",
			"integrity": "sha512-XXRx6lqVitQy/oOLr9MfNYRG+MbQkhXkDaxbQMiKxEm8zZNfheRFUKNb8UYNh2stn9btl2wQM5wZFJjJvoc+jA==",
			"requires": {
				"minimatch": "^10.2.5",
				"semver": "^7.8.1",
				"vscode-languageserver-protocol": "3.18.2",
				"vscode-languageserver-textdocument": "1.0.13"
			}
		},
		"vscode-languageserver-protocol": {
			"version": "3.18.2",
			"resolved": "https://registry.npmjs.org/vscode-languageserver-protocol/-/vscode-languageserver-protocol-3.18.2.tgz",
			"integrity": "sha512-XRyDbT0Pp3sSNti3JmxVEUMySWCSi1hhM+/KUlCy1hV1zmrqpM1OwO12EAki8blhmLuIMpaJrYbo0OzGVfK2Qg==",
			"requires": {
				"vscode-jsonrpc": "9.0.1",
				"vscode-languageserver-types": "3.18.0"
			}
		},
		"vscode-languageserver-textdocument": {
			"version": "1.0.13",
			"resolved": "https://registry.npmjs.org/vscode-languageserver-textdocument/-/vscode-languageserver-textdocument-1.0.13.tgz",
			"integrity": "sha512-nx0ZHwMGIsVkzFG3/VLeJYBLTaFBRuNdGDvevvjuoayU5EOS2fEYazOhtCM3PI9ClMMg5igc0uwXtAq4tJj+Dw=="
		},
		"vscode-languageserver-types": {
			"version": "3.18.0",
			"resolved": "https://registry.npmjs.org/vscode-languageserver-types/-/vscode-languageserver-types-3.18.0.tgz",
			"integrity": "sha512-8TsGPNMIMiiBdkORgRSvLjuiEIiAFtO+KssmYWxQ+uSVvlf7RjK8YKCOjPzZ+YA04jXEV7+7LvkSmHkhpNS99g=="
		}
	}
}
