{
	"name": "client",
	"version": "2.0.2",
	"lockfileVersion": 1,
	"requires": true,
	"dependencies": {
		"@types/vscode": {
			"version": "1.40.0",
			"resolved": "https://registry.npmjs.org/@types/vscode/-/vscode-1.40.0.tgz",
			"integrity": "sha512-5kEIxL3qVRkwhlMerxO7XuMffa+0LBl+iG2TcRa0NsdoeSFLkt/9hJ02jsi/Kvc6y8OVF2N2P2IHP5S4lWf/5w==",
			"dev": true
		},
		"semver": {
			"version": "6.3.0",
			"resolved": "https://registry.npmjs.org/semver/-/semver-6.3.0.tgz",
			"integrity": "sha512-b39TBaTSfV6yBrapU89p5fKekE2m/NwnDocOVruQFS1/veMgdzuPcnOM34M6CwxW8jH/lxEa5rBoDeUwu5HHTw=="
		},
		"vscode-jsonrpc": {
			"version": "5.0.0-next.7",
			"resolved": "https://registry.npmjs.org/vscode-jsonrpc/-/vscode-jsonrpc-5.0.0-next.7.tgz",
			"integrity": "sha512-DZuEyxaWuA0srFh9kKu2fudVG6d5CJhte3OW2ILM8lZqpHjI+/D2byrowFd0YmEbyQB2nh0yqg0sa1mhxOtivA=="
		},
		"vscode-languageclient": {
			"version": "6.0.0-next.10",
			"resolved": "https://registry.npmjs.org/vscode-languageclient/-/vscode-languageclient-6.0.0-next.10.tgz",
			"integrity": "sha512-xJ9KNJnHfGIMz7ewuXijtUTje1Tc2fpuyYS/DHZI/MBwYRLp7L38KnivvYJmUICdPnrQTSvPSWKbjlwWhMlKwQ==",
			"requires": {
				"semver": "^6.3.0",
				"vscode-languageserver-protocol": "^3.15.0-next.15"
			}
		},
		"vscode-languageserver-protocol": {
			"version": "3.15.0-next.15",
			"resolved": "https://registry.npmjs.org/vscode-languageserver-protocol/-/vscode-languageserver-protocol-3.15.0-next.15.tgz",
			"integrity": "sha512-c1f47pxAtUE+gYTGLoySVA+nBUbPtz8NMOLOB69RiTBQobSJBO1XXKB8TXz8BSxpG5T8qRXeEm2vXrM/eepYKg==",
			"requires": {
				"vscode-jsonrpc": "^5.0.0-next.7",
				"vscode-languageserver-types": "^3.15.0-next.10"
			}
		},
		"vscode-languageserver-types": {
			"version": "3.15.0-next.10",
			"resolved": "https://registry.npmjs.org/vscode-languageserver-types/-/vscode-languageserver-types-3.15.0-next.10.tgz",
			"integrity": "sha512-s9Psd+0sQVkH4o1U7hwTNJRuXQQgFvGVZIim7Wb44tcq54rZou3kJKCtdFEm0aHUuYxIrMPYrzuh1jlqCbRegw=="
		}
	}
}
