{
	"name": "eslint-server",
	"version": "2.2.3",
	"lockfileVersion": 2,
	"requires": true,
	"packages": {
		"": {
			"name": "eslint-server",
			"version": "2.2.3",
			"license": "MIT",
			"dependencies": {
				"vscode-languageserver": "8.0.0-next.6",
				"vscode-languageserver-textdocument": "1.0.2",
				"vscode-uri": "^3.0.2"
			},
			"engines": {
				"node": "*"
			}
		},
		"node_modules/vscode-jsonrpc": {
			"version": "8.0.0-next.5",
			"resolved": "https://registry.npmjs.org/vscode-jsonrpc/-/vscode-jsonrpc-8.0.0-next.5.tgz",
			"integrity": "sha512-owRllqcFTnz5rXxcbmHPFGmpFmLqj9Z1V3Dzrv+s8ejOHLIT62Pyb5Uqzyl2/in2VP22DmzErPgZwrxjLCIKiQ==",
			"engines": {
				"node": ">=14.0.0"
			}
		},
		"node_modules/vscode-languageserver": {
			"version": "8.0.0-next.6",
			"resolved": "https://registry.npmjs.org/vscode-languageserver/-/vscode-languageserver-8.0.0-next.6.tgz",
			"integrity": "sha512-RgGRAsXUksdtCrhtxFUeMXzqE4C/7AHSR6loIQY3GFDNIqrlEIkkQZg2Kkouf/i+eE/Iummn2ZB85VKNTBQgsQ==",
			"dependencies": {
				"vscode-languageserver-protocol": "3.17.0-next.12"
			},
			"bin": {
				"installServerIntoExtension": "bin/installServerIntoExtension"
			}
		},
		"node_modules/vscode-languageserver-protocol": {
			"version": "3.17.0-next.12",
			"resolved": "https://registry.npmjs.org/vscode-languageserver-protocol/-/vscode-languageserver-protocol-3.17.0-next.12.tgz",
			"integrity": "sha512-VLRcWKOpCXcx9UrqrS+NSF6pNxV498VGYGW+eyp9a79/F9ElUq3wdG6acXYlEfpWHuIxpm6MXps8FU88wqIgTg==",
			"dependencies": {
				"vscode-jsonrpc": "8.0.0-next.5",
				"vscode-languageserver-types": "3.17.0-next.6"
			}
		},
		"node_modules/vscode-languageserver-textdocument": {
			"version": "1.0.2",
			"resolved": "https://registry.npmjs.org/vscode-languageserver-textdocument/-/vscode-languageserver-textdocument-1.0.2.tgz",
			"integrity": "sha512-T7uPC18+f8mYE4lbVZwb3OSmvwTZm3cuFhrdx9Bn2l11lmp3SvSuSVjy2JtvrghzjAo4G6Trqny2m9XGnFnWVA=="
		},
		"node_modules/vscode-languageserver-types": {
			"version": "3.17.0-next.6",
			"resolved": "https://registry.npmjs.org/vscode-languageserver-types/-/vscode-languageserver-types-3.17.0-next.6.tgz",
			"integrity": "sha512-rHYeCotiabJHgvIYzWjV8g0dHCxyOQtcryTv1Xa1horaQ4jx2V+rjLBstc6zMpCyrnZcjorwEcAvGBDCd6wudw=="
		},
		"node_modules/vscode-uri": {
			"version": "3.0.2",
			"resolved": "https://registry.npmjs.org/vscode-uri/-/vscode-uri-3.0.2.tgz",
			"integrity": "sha512-jkjy6pjU1fxUvI51P+gCsxg1u2n8LSt0W6KrCNQceaziKzff74GoWmjVG46KieVzybO1sttPQmYfrwSHey7GUA=="
		}
	},
	"dependencies": {
		"vscode-jsonrpc": {
			"version": "8.0.0-next.5",
			"resolved": "https://registry.npmjs.org/vscode-jsonrpc/-/vscode-jsonrpc-8.0.0-next.5.tgz",
			"integrity": "sha512-owRllqcFTnz5rXxcbmHPFGmpFmLqj9Z1V3Dzrv+s8ejOHLIT62Pyb5Uqzyl2/in2VP22DmzErPgZwrxjLCIKiQ=="
		},
		"vscode-languageserver": {
			"version": "8.0.0-next.6",
			"resolved": "https://registry.npmjs.org/vscode-languageserver/-/vscode-languageserver-8.0.0-next.6.tgz",
			"integrity": "sha512-RgGRAsXUksdtCrhtxFUeMXzqE4C/7AHSR6loIQY3GFDNIqrlEIkkQZg2Kkouf/i+eE/Iummn2ZB85VKNTBQgsQ==",
			"requires": {
				"vscode-languageserver-protocol": "3.17.0-next.12"
			}
		},
		"vscode-languageserver-protocol": {
			"version": "3.17.0-next.12",
			"resolved": "https://registry.npmjs.org/vscode-languageserver-protocol/-/vscode-languageserver-protocol-3.17.0-next.12.tgz",
			"integrity": "sha512-VLRcWKOpCXcx9UrqrS+NSF6pNxV498VGYGW+eyp9a79/F9ElUq3wdG6acXYlEfpWHuIxpm6MXps8FU88wqIgTg==",
			"requires": {
				"vscode-jsonrpc": "8.0.0-next.5",
				"vscode-languageserver-types": "3.17.0-next.6"
			}
		},
		"vscode-languageserver-textdocument": {
			"version": "1.0.2",
			"resolved": "https://registry.npmjs.org/vscode-languageserver-textdocument/-/vscode-languageserver-textdocument-1.0.2.tgz",
			"integrity": "sha512-T7uPC18+f8mYE4lbVZwb3OSmvwTZm3cuFhrdx9Bn2l11lmp3SvSuSVjy2JtvrghzjAo4G6Trqny2m9XGnFnWVA=="
		},
		"vscode-languageserver-types": {
			"version": "3.17.0-next.6",
			"resolved": "https://registry.npmjs.org/vscode-languageserver-types/-/vscode-languageserver-types-3.17.0-next.6.tgz",
			"integrity": "sha512-rHYeCotiabJHgvIYzWjV8g0dHCxyOQtcryTv1Xa1horaQ4jx2V+rjLBstc6zMpCyrnZcjorwEcAvGBDCd6wudw=="
		},
		"vscode-uri": {
			"version": "3.0.2",
			"resolved": "https://registry.npmjs.org/vscode-uri/-/vscode-uri-3.0.2.tgz",
			"integrity": "sha512-jkjy6pjU1fxUvI51P+gCsxg1u2n8LSt0W6KrCNQceaziKzff74GoWmjVG46KieVzybO1sttPQmYfrwSHey7GUA=="
		}
	}
}
