{
	"name": "eslint-server",
	"version": "2.0.2",
	"lockfileVersion": 1,
	"requires": true,
	"dependencies": {
		"vscode-jsonrpc": {
			"version": "5.0.0",
			"resolved": "https://registry.npmjs.org/vscode-jsonrpc/-/vscode-jsonrpc-5.0.0.tgz",
			"integrity": "sha512-QeAniC/xTWauVQgyNgEqNJ0Qm/Jw8QySGRQhRFPwb8c4FPp9k6QNgJp0ayXWws5qhdaHkiXkGPlzjOPZFQQKLw=="
		},
		"vscode-languageserver": {
			"version": "6.0.0",
			"resolved": "https://registry.npmjs.org/vscode-languageserver/-/vscode-languageserver-6.0.0.tgz",
			"integrity": "sha512-QihKytod/PApM+wU9qmjxjGT+p4vYDJCbMcdwol55QeE80DCMyls6yxJzTn8SNCNpP4JZin8SIZp1zpumfktQg==",
			"requires": {
				"vscode-languageserver-protocol": "^3.15.0"
			}
		},
		"vscode-languageserver-protocol": {
			"version": "3.15.0",
			"resolved": "https://registry.npmjs.org/vscode-languageserver-protocol/-/vscode-languageserver-protocol-3.15.0.tgz",
			"integrity": "sha512-PZEopQzHR3Lo422HeDxCpGN0sYz+kReO+du3F/AcFT1cCPunoVsDJv7ikEolFRKEn+hEIZiAaIX4yoSZ+ip5Nw==",
			"requires": {
				"vscode-jsonrpc": "^5.0.0",
				"vscode-languageserver-types": "3.15.0"
			}
		},
		"vscode-languageserver-textdocument": {
			"version": "1.0.0",
			"resolved": "https://registry.npmjs.org/vscode-languageserver-textdocument/-/vscode-languageserver-textdocument-1.0.0.tgz",
			"integrity": "sha512-9E3hfoknSe9wX5Bed4rFbjkWdT9Oazw+suyCQ6ZbS68r3SAwue5M7xHd9WX9jBHguAai+qmwr5dMIf7gmzQryw=="
		},
		"vscode-languageserver-types": {
			"version": "3.15.0",
			"resolved": "https://registry.npmjs.org/vscode-languageserver-types/-/vscode-languageserver-types-3.15.0.tgz",
			"integrity": "sha512-AXteNagMhBWnZ6gNN0UB4HTiD/7TajgfHl6jaM6O7qz3zDJw0H3Jf83w05phihnBRCML+K6Ockh8f8bL0OObPw=="
		},
		"vscode-uri": {
			"version": "2.0.3",
			"resolved": "https://registry.npmjs.org/vscode-uri/-/vscode-uri-2.0.3.tgz",
			"integrity": "sha512-4D3DI3F4uRy09WNtDGD93H9q034OHImxiIcSq664Hq1Y1AScehlP3qqZyTkX/RWxeu0MRMHGkrxYqm2qlDF/aw=="
		}
	}
}
