{
	"name": "eslint-server",
	"version": "1.9.0",
	"lockfileVersion": 1,
	"requires": true,
	"dependencies": {
		"vscode-jsonrpc": {
			"version": "4.1.0-next.2",
			"resolved": "https://registry.npmjs.org/vscode-jsonrpc/-/vscode-jsonrpc-4.1.0-next.2.tgz",
			"integrity": "sha512-GsBLjP9DxQ42yl1mW9GEIlnSc0+R8mfzhaebwmmTPEJjezD5SPoAo3DFrIAFZha9yvQ1nzZfZlhtVpGQmgxtXg=="
		},
		"vscode-languageserver": {
			"version": "5.3.0-next.7",
			"resolved": "https://registry.npmjs.org/vscode-languageserver/-/vscode-languageserver-5.3.0-next.7.tgz",
			"integrity": "sha512-9jPezPNmqmpjqeH8Xl42Y60lkpfEQkwVnHOhj7uemPbgOqfW41Rq86kpS0du+Xo9dTzxK67KhEkXoEcIO0Xy/Q==",
			"requires": {
				"vscode-languageserver-protocol": "3.15.0-next.5",
				"vscode-textbuffer": "^1.0.0",
				"vscode-uri": "^1.0.6"
			}
		},
		"vscode-languageserver-protocol": {
			"version": "3.15.0-next.5",
			"resolved": "https://registry.npmjs.org/vscode-languageserver-protocol/-/vscode-languageserver-protocol-3.15.0-next.5.tgz",
			"integrity": "sha512-rR7Zo5WZTGSsE9lq7pPSgO+VMhVV8UVq6emrDoQ3x5dUyhLKB2/gbMkGKucQpsKGLtF/NuccCa+3jMsO788HjQ==",
			"requires": {
				"vscode-jsonrpc": "^4.1.0-next.2",
				"vscode-languageserver-types": "3.15.0-next.1"
			}
		},
		"vscode-languageserver-types": {
			"version": "3.15.0-next.1",
			"resolved": "https://registry.npmjs.org/vscode-languageserver-types/-/vscode-languageserver-types-3.15.0-next.1.tgz",
			"integrity": "sha512-R0kzmaI8gOGEoU7b9huYQAzgZzRQ/5Q8HKjsIUdfz0MjXcBZ4tr1ik1So1p1O5kGrI1VTCd22Fw/wI7ECGoIPw=="
		},
		"vscode-textbuffer": {
			"version": "1.0.0",
			"resolved": "https://registry.npmjs.org/vscode-textbuffer/-/vscode-textbuffer-1.0.0.tgz",
			"integrity": "sha512-zPaHo4urgpwsm+PrJWfNakolRpryNja18SUip/qIIsfhuEqEIPEXMxHOlFPjvDC4JgTaimkncNW7UMXRJTY6ow=="
		},
		"vscode-uri": {
			"version": "1.0.6",
			"resolved": "https://registry.npmjs.org/vscode-uri/-/vscode-uri-1.0.6.tgz",
			"integrity": "sha512-sLI2L0uGov3wKVb9EB+vIQBl9tVP90nqRvxSoJ35vI3NjxE8jfsE5DSOhWgSunHSZmKS4OCi2jrtfxK7uyp2ww=="
		}
	}
}
